{
  "name": "maplibre-basic-renderer",
  "version": "1.0.0",
  "lockfileVersion": 1,
  "requires": true,
  "dependencies": {
    "@mapbox/sphericalmercator": {
      "version": "1.2.0",
      "resolved": "https://registry.npmjs.org/@mapbox/sphericalmercator/-/sphericalmercator-1.2.0.tgz",
      "integrity": "sha512-ZTOuuwGuMOJN+HEmG/68bSEw15HHaMWmQ5gdTsWdWsjDe56K1kGvLOK6bOSC8gWgIvEO0w6un/2Gvv1q5hJSkQ=="
    }
  }
}
